
Microsoft Visual Studio Solution File, Format Version 12.00
# Visual Studio Version 16
VisualStudioVersion = 16.0.31424.327
MinimumVisualStudioVersion = 10.0.40219.1
Project("{FAE04EC0-301F-11D3-BF4B-00C04F79EFBC}") = "AkijFood", "AkijFood\AkijFood.csproj", "{10BF1461-E3D5-4C00-B0C1-15E53B303E83}"
EndProject
Global
	GlobalSection(SolutionConfigurationPlatforms) = preSolution
		Debug|Any CPU = Debug|Any CPU
		Release|Any CPU = Release|Any CPU
	EndGlobalSection
	GlobalSection(ProjectConfigurationPlatforms) = postSolution
		{10BF1461-E3D5-4C00-B0C1-15E53B303E83}.Debug|Any CPU.ActiveCfg = Debug|Any CPU
		{10BF1461-E3D5-4C00-B0C1-15E53B303E83}.Debug|Any CPU.Build.0 = Debug|Any CPU
		{10BF1461-E3D5-4C00-B0C1-15E53B303E83}.Release|Any CPU.ActiveCfg = Release|Any CPU
		{10BF1461-E3D5-4C00-B0C1-15E53B303E83}.Release|Any CPU.Build.0 = Release|Any CPU
	EndGlobalSection
	GlobalSection(SolutionProperties) = preSolution
		HideSolutionNode = FALSE
	EndGlobalSection
	GlobalSection(ExtensibilityGlobals) = postSolution
		SolutionGuid = {0239DD2E-50E5-44B0-8065-20D44A7C0D21}
	EndGlobalSection
EndGlobal
